// !$*UTF8*$!
{
	archiveVersion = 1;
	classes = {
	};
	objectVersion = 46;
	objects = {

/* Begin PBXBuildFile section */
		685105F21C88C98D00A329E5 /* AppDelegate.swift in Sources */ = {isa = PBXBuildFile; fileRef = 685105F11C88C98D00A329E5 /* AppDelegate.swift */; };
		685105F71C88C98D00A329E5 /* Main.storyboard in Resources */ = {isa = PBXBuildFile; fileRef = 685105F51C88C98D00A329E5 /* Main.storyboard */; };
		685105F91C88C98D00A329E5 /* Assets.xcassets in Resources */ = {isa = PBXBuildFile; fileRef = 685105F81C88C98D00A329E5 /* Assets.xcassets */; };
		685105FC1C88C98D00A329E5 /* LaunchScreen.storyboard in Resources */ = {isa = PBXBuildFile; fileRef = 685105FA1C88C98D00A329E5 /* LaunchScreen.storyboard */; };
		685106071C88C98D00A329E5 /* CatDogYearsTests.swift in Sources */ = {isa = PBXBuildFile; fileRef = 685106061C88C98D00A329E5 /* CatDogYearsTests.swift */; };
		685106201C88CA4E00A329E5 /* MainViewController.swift in Sources */ = {isa = PBXBuildFile; fileRef = 6851061F1C88CA4E00A329E5 /* MainViewController.swift */; };
		68690B201C92098000CA7DFC /* Dog-barking-4.wav in Resources */ = {isa = PBXBuildFile; fileRef = 68690B1E1C92098000CA7DFC /* Dog-barking-4.wav */; };
		68690B211C92098000CA7DFC /* Cat-meow.wav in Resources */ = {isa = PBXBuildFile; fileRef = 68690B1F1C92098000CA7DFC /* Cat-meow.wav */; };
/* End PBXBuildFile section */

/* Begin PBXContainerItemProxy section */
		685106031C88C98D00A329E5 /* PBXContainerItemProxy */ = {
			isa = PBXContainerItemProxy;
			containerPortal = 685105E61C88C98D00A329E5 /* Project object */;
			proxyType = 1;
			remoteGlobalIDString = 685105ED1C88C98D00A329E5;
			remoteInfo = CatDogYears;
		};
/* End PBXContainerItemProxy section */

/* Begin PBXFileReference section */
		685105EE1C88C98D00A329E5 /* CatDogYears.app */ = {isa = PBXFileReference; explicitFileType = wrapper.application; includeInIndex = 0; path = CatDogYears.app; sourceTree = BUILT_PRODUCTS_DIR; };
		685105F11C88C98D00A329E5 /* AppDelegate.swift */ = {isa = PBXFileReference; lastKnownFileType = sourcecode.swift; path = AppDelegate.swift; sourceTree = "<group>"; };
		685105F61C88C98D00A329E5 /* Base */ = {isa = PBXFileReference; lastKnownFileType = file.storyboard; name = Base; path = Base.lproj/Main.storyboard; sourceTree = "<group>"; };
		685105F81C88C98D00A329E5 /* Assets.xcassets */ = {isa = PBXFileReference; lastKnownFileType = folder.assetcatalog; path = Assets.xcassets; sourceTree = "<group>"; };
		685105FB1C88C98D00A329E5 /* Base */ = {isa = PBXFileReference; lastKnownFileType = file.storyboard; name = Base; path = Base.lproj/LaunchScreen.storyboard; sourceTree = "<group>"; };
		685105FD1C88C98D00A329E5 /* Info.plist */ = {isa = PBXFileReference; lastKnownFileType = text.plist.xml; path = Info.plist; sourceTree = "<group>"; };
		685106021C88C98D00A329E5 /* CatDogYearsTests.xctest */ = {isa = PBXFileReference; explicitFileType = wrapper.cfbundle; includeInIndex = 0; path = CatDogYearsTests.xctest; sourceTree = BUILT_PRODUCTS_DIR; };
		685106061C88C98D00A329E5 /* CatDogYearsTests.swift */ = {isa = PBXFileReference; lastKnownFileType = sourcecode.swift; path = CatDogYearsTests.swift; sourceTree = "<group>"; };
		685106081C88C98D00A329E5 /* Info.plist */ = {isa = PBXFileReference; lastKnownFileType = text.plist.xml; path = Info.plist; sourceTree = "<group>"; };
		685106111C88C98D00A329E5 /* CatDogYearsUITests.swift */ = {isa = PBXFileReference; lastKnownFileType = sourcecode.swift; path = CatDogYearsUITests.swift; sourceTree = "<group>"; };
		685106131C88C98D00A329E5 /* Info.plist */ = {isa = PBXFileReference; lastKnownFileType = text.plist.xml; path = Info.plist; sourceTree = "<group>"; };
		6851061F1C88CA4E00A329E5 /* MainViewController.swift */ = {isa = PBXFileReference; fileEncoding = 4; lastKnownFileType = sourcecode.swift; path = MainViewController.swift; sourceTree = "<group>"; };
		68690B1E1C92098000CA7DFC /* Dog-barking-4.wav */ = {isa = PBXFileReference; lastKnownFileType = audio.wav; path = "Dog-barking-4.wav"; sourceTree = "<group>"; };
		68690B1F1C92098000CA7DFC /* Cat-meow.wav */ = {isa = PBXFileReference; lastKnownFileType = audio.wav; path = "Cat-meow.wav"; sourceTree = "<group>"; };
/* End PBXFileReference section */

/* Begin PBXFrameworksBuildPhase section */
		685105EB1C88C98D00A329E5 /* Frameworks */ = {
			isa = PBXFrameworksBuildPhase;
			buildActionMask = 2147483647;
			files = (
			);
			runOnlyForDeploymentPostprocessing = 0;
		};
		685105FF1C88C98D00A329E5 /* Frameworks */ = {
			isa = PBXFrameworksBuildPhase;
			buildActionMask = 2147483647;
			files = (
			);
			runOnlyForDeploymentPostprocessing = 0;
		};
/* End PBXFrameworksBuildPhase section */

/* Begin PBXGroup section */
		685105E51C88C98D00A329E5 = {
			isa = PBXGroup;
			children = (
				685105F01C88C98D00A329E5 /* CatDogYears */,
				685106051C88C98D00A329E5 /* CatDogYearsTests */,
				685106101C88C98D00A329E5 /* CatDogYearsUITests */,
				685105EF1C88C98D00A329E5 /* Products */,
			);
			sourceTree = "<group>";
		};
		685105EF1C88C98D00A329E5 /* Products */ = {
			isa = PBXGroup;
			children = (
				685105EE1C88C98D00A329E5 /* CatDogYears.app */,
				685106021C88C98D00A329E5 /* CatDogYearsTests.xctest */,
			);
			name = Products;
			sourceTree = "<group>";
		};
		685105F01C88C98D00A329E5 /* CatDogYears */ = {
			isa = PBXGroup;
			children = (
				685105F11C88C98D00A329E5 /* AppDelegate.swift */,
				685105F51C88C98D00A329E5 /* Main.storyboard */,
				685105F81C88C98D00A329E5 /* Assets.xcassets */,
				685105FA1C88C98D00A329E5 /* LaunchScreen.storyboard */,
				685105FD1C88C98D00A329E5 /* Info.plist */,
				6851061F1C88CA4E00A329E5 /* MainViewController.swift */,
				68690B1E1C92098000CA7DFC /* Dog-barking-4.wav */,
				68690B1F1C92098000CA7DFC /* Cat-meow.wav */,
			);
			path = CatDogYears;
			sourceTree = "<group>";
		};
		685106051C88C98D00A329E5 /* CatDogYearsTests */ = {
			isa = PBXGroup;
			children = (
				685106061C88C98D00A329E5 /* CatDogYearsTests.swift */,
				685106081C88C98D00A329E5 /* Info.plist */,
			);
			path = CatDogYearsTests;
			sourceTree = "<group>";
		};
		685106101C88C98D00A329E5 /* CatDogYearsUITests */ = {
			isa = PBXGroup;
			children = (
				685106111C88C98D00A329E5 /* CatDogYearsUITests.swift */,
				685106131C88C98D00A329E5 /* Info.plist */,
			);
			path = CatDogYearsUITests;
			sourceTree = "<group>";
		};
/* End PBXGroup section */

/* Begin PBXNativeTarget section */
		685105ED1C88C98D00A329E5 /* CatDogYears */ = {
			isa = PBXNativeTarget;
			buildConfigurationList = 685106161C88C98D00A329E5 /* Build configuration list for PBXNativeTarget "CatDogYears" */;
			buildPhases = (
				685105EA1C88C98D00A329E5 /* Sources */,
				685105EB1C88C98D00A329E5 /* Frameworks */,
				685105EC1C88C98D00A329E5 /* Resources */,
			);
			buildRules = (
			);
			dependencies = (
			);
			name = CatDogYears;
			productName = CatDogYears;
			productReference = 685105EE1C88C98D00A329E5 /* CatDogYears.app */;
			productType = "com.apple.product-type.application";
		};
		685106011C88C98D00A329E5 /* CatDogYearsTests */ = {
			isa = PBXNativeTarget;
			buildConfigurationList = 685106191C88C98D00A329E5 /* Build configuration list for PBXNativeTarget "CatDogYearsTests" */;
			buildPhases = (
				685105FE1C88C98D00A329E5 /* Sources */,
				685105FF1C88C98D00A329E5 /* Frameworks */,
				685106001C88C98D00A329E5 /* Resources */,
			);
			buildRules = (
			);
			dependencies = (
				685106041C88C98D00A329E5 /* PBXTargetDependency */,
			);
			name = CatDogYearsTests;
			productName = CatDogYearsTests;
			productReference = 685106021C88C98D00A329E5 /* CatDogYearsTests.xctest */;
			productType = "com.apple.product-type.bundle.unit-test";
		};
/* End PBXNativeTarget section */

/* Begin PBXProject section */
		685105E61C88C98D00A329E5 /* Project object */ = {
			isa = PBXProject;
			attributes = {
				LastSwiftUpdateCheck = 0720;
				LastUpgradeCheck = 0720;
				ORGANIZATIONNAME = "Quentin Lathière";
				TargetAttributes = {
					685105ED1C88C98D00A329E5 = {
						CreatedOnToolsVersion = 7.2;
						DevelopmentTeam = 6C4VK6PPZ6;
					};
					685106011C88C98D00A329E5 = {
						CreatedOnToolsVersion = 7.2;
						DevelopmentTeam = 6C4VK6PPZ6;
						TestTargetID = 685105ED1C88C98D00A329E5;
					};
				};
			};
			buildConfigurationList = 685105E91C88C98D00A329E5 /* Build configuration list for PBXProject "CatDogYears" */;
			compatibilityVersion = "Xcode 3.2";
			developmentRegion = English;
			hasScannedForEncodings = 0;
			knownRegions = (
				en,
				Base,
			);
			mainGroup = 685105E51C88C98D00A329E5;
			productRefGroup = 685105EF1C88C98D00A329E5 /* Products */;
			projectDirPath = "";
			projectRoot = "";
			targets = (
				685105ED1C88C98D00A329E5 /* CatDogYears */,
				685106011C88C98D00A329E5 /* CatDogYearsTests */,
			);
		};
/* End PBXProject section */

/* Begin PBXResourcesBuildPhase section */
		685105EC1C88C98D00A329E5 /* Resources */ = {
			isa = PBXResourcesBuildPhase;
			buildActionMask = 2147483647;
			files = (
				685105FC1C88C98D00A329E5 /* LaunchScreen.storyboard in Resources */,
				685105F91C88C98D00A329E5 /* Assets.xcassets in Resources */,
				68690B211C92098000CA7DFC /* Cat-meow.wav in Resources */,
				685105F71C88C98D00A329E5 /* Main.storyboard in Resources */,
				68690B201C92098000CA7DFC /* Dog-barking-4.wav in Resources */,
			);
			runOnlyForDeploymentPostprocessing = 0;
		};
		685106001C88C98D00A329E5 /* Resources */ = {
			isa = PBXResourcesBuildPhase;
			buildActionMask = 2147483647;
			files = (
			);
			runOnlyForDeploymentPostprocessing = 0;
		};
/* End PBXResourcesBuildPhase section */

/* Begin PBXSourcesBuildPhase section */
		685105EA1C88C98D00A329E5 /* Sources */ = {
			isa = PBXSourcesBuildPhase;
			buildActionMask = 2147483647;
			files = (
				685105F21C88C98D00A329E5 /* AppDelegate.swift in Sources */,
				685106201C88CA4E00A329E5 /* MainViewController.swift in Sources */,
			);
			runOnlyForDeploymentPostprocessing = 0;
		};
		685105FE1C88C98D00A329E5 /* Sources */ = {
			isa = PBXSourcesBuildPhase;
			buildActionMask = 2147483647;
			files = (
				685106071C88C98D00A329E5 /* CatDogYearsTests.swift in Sources */,
			);
			runOnlyForDeploymentPostprocessing = 0;
		};
/* End PBXSourcesBuildPhase section */

/* Begin PBXTargetDependency section */
		685106041C88C98D00A329E5 /* PBXTargetDependency */ = {
			isa = PBXTargetDependency;
			target = 685105ED1C88C98D00A329E5 /* CatDogYears */;
			targetProxy = 685106031C88C98D00A329E5 /* PBXContainerItemProxy */;
		};
/* End PBXTargetDependency section */

/* Begin PBXVariantGroup section */
		685105F51C88C98D00A329E5 /* Main.storyboard */ = {
			isa = PBXVariantGroup;
			children = (
				685105F61C88C98D00A329E5 /* Base */,
			);
			name = Main.storyboard;
			sourceTree = "<group>";
		};
		685105FA1C88C98D00A329E5 /* LaunchScreen.storyboard */ = {
			isa = PBXVariantGroup;
			children = (
				685105FB1C88C98D00A329E5 /* Base */,
			);
			name = LaunchScreen.storyboard;
			sourceTree = "<group>";
		};
/* End PBXVariantGroup section */

/* Begin XCBuildConfiguration section */
		685106141C88C98D00A329E5 /* Debug */ = {
			isa = XCBuildConfiguration;
			buildSettings = {
				ALWAYS_SEARCH_USER_PATHS = NO;
				CLANG_CXX_LANGUAGE_STANDARD = "gnu++0x";
				CLANG_CXX_LIBRARY = "libc++";
				CLANG_ENABLE_MODULES = YES;
				CLANG_ENABLE_OBJC_ARC = YES;
				CLANG_WARN_BOOL_CONVERSION = YES;
				CLANG_WARN_CONSTANT_CONVERSION = YES;
				CLANG_WARN_DIRECT_OBJC_ISA_USAGE = YES_ERROR;
				CLANG_WARN_EMPTY_BODY = YES;
				CLANG_WARN_ENUM_CONVERSION = YES;
				CLANG_WARN_INT_CONVERSION = YES;
				CLANG_WARN_OBJC_ROOT_CLASS = YES_ERROR;
				CLANG_WARN_UNREACHABLE_CODE = YES;
				CLANG_WARN__DUPLICATE_METHOD_MATCH = YES;
				CODE_SIGN_IDENTITY = "";
				"CODE_SIGN_IDENTITY[sdk=iphoneos*]" = "iPhone Developer";
				COPY_PHASE_STRIP = NO;
				DEBUG_INFORMATION_FORMAT = dwarf;
				ENABLE_STRICT_OBJC_MSGSEND = YES;
				ENABLE_TESTABILITY = YES;
				GCC_C_LANGUAGE_STANDARD = gnu99;
				GCC_DYNAMIC_NO_PIC = NO;
				GCC_NO_COMMON_BLOCKS = YES;
				GCC_OPTIMIZATION_LEVEL = 0;
				GCC_PREPROCESSOR_DEFINITIONS = (
					"DEBUG=1",
					"$(inherited)",
				);
				GCC_WARN_64_TO_32_BIT_CONVERSION = YES;
				GCC_WARN_ABOUT_RETURN_TYPE = YES_ERROR;
				GCC_WARN_UNDECLARED_SELECTOR = YES;
				GCC_WARN_UNINITIALIZED_AUTOS = YES_AGGRESSIVE;
				GCC_WARN_UNUSED_FUNCTION = YES;
				GCC_WARN_UNUSED_VARIABLE = YES;
				IPHONEOS_DEPLOYMENT_TARGET = 9.2;
				MTL_ENABLE_DEBUG_INFO = YES;
				ONLY_ACTIVE_ARCH = YES;
				SDKROOT = iphoneos;
				SWIFT_OPTIMIZATION_LEVEL = "-Onone";
				TARGETED_DEVICE_FAMILY = "1,2";
			};
			name = Debug;
		};
		685106151C88C98D00A329E5 /* Release */ = {
			isa = XCBuildConfiguration;
			buildSettings = {
				ALWAYS_SEARCH_USER_PATHS = NO;
				CLANG_CXX_LANGUAGE_STANDARD = "gnu++0x";
				CLANG_CXX_LIBRARY = "libc++";
				CLANG_ENABLE_MODULES = YES;
				CLANG_ENABLE_OBJC_ARC = YES;
				CLANG_WARN_BOOL_CONVERSION = YES;
				CLANG_WARN_CONSTANT_CONVERSION = YES;
				CLANG_WARN_DIRECT_OBJC_ISA_USAGE = YES_ERROR;
				CLANG_WARN_EMPTY_BODY = YES;
				CLANG_WARN_ENUM_CONVERSION = YES;
				CLANG_WARN_INT_CONVERSION = YES;
				CLANG_WARN_OBJC_ROOT_CLASS = YES_ERROR;
				CLANG_WARN_UNREACHABLE_CODE = YES;
				CLANG_WARN__DUPLICATE_METHOD_MATCH = YES;
				CODE_SIGN_IDENTITY = "";
				"CODE_SIGN_IDENTITY[sdk=iphoneos*]" = "iPhone Developer";
				COPY_PHASE_STRIP = NO;
				DEBUG_INFORMATION_FORMAT = "dwarf-with-dsym";
				ENABLE_NS_ASSERTIONS = NO;
				ENABLE_STRICT_OBJC_MSGSEND = YES;
				GCC_C_LANGUAGE_STANDARD = gnu99;
				GCC_NO_COMMON_BLOCKS = YES;
				GCC_WARN_64_TO_32_BIT_CONVERSION = YES;
				GCC_WARN_ABOUT_RETURN_TYPE = YES_ERROR;
				GCC_WARN_UNDECLARED_SELECTOR = YES;
				GCC_WARN_UNINITIALIZED_AUTOS = YES_AGGRESSIVE;
				GCC_WARN_UNUSED_FUNCTION = YES;
				GCC_WARN_UNUSED_VARIABLE = YES;
				IPHONEOS_DEPLOYMENT_TARGET = 9.2;
				MTL_ENABLE_DEBUG_INFO = NO;
				SDKROOT = iphoneos;
				TARGETED_DEVICE_FAMILY = "1,2";
				VALIDATE_PRODUCT = YES;
			};
			name = Release;
		};
		685106171C88C98D00A329E5 /* Debug */ = {
			isa = XCBuildConfiguration;
			buildSettings = {
				ASSETCATALOG_COMPILER_APPICON_NAME = AppIcon;
				CODE_SIGN_IDENTITY = "iPhone Developer";
				INFOPLIST_FILE = CatDogYears/Info.plist;
				LD_RUNPATH_SEARCH_PATHS = "$(inherited) @executable_path/Frameworks";
				PRODUCT_BUNDLE_IDENTIFIER = com.quentinlathiere.CatDogYears;
				PRODUCT_NAME = "$(TARGET_NAME)";
			};
			name = Debug;
		};
		685106181C88C98D00A329E5 /* Release */ = {
			isa = XCBuildConfiguration;
			buildSettings = {
				ASSETCATALOG_COMPILER_APPICON_NAME = AppIcon;
				CODE_SIGN_IDENTITY = "iPhone Developer";
				INFOPLIST_FILE = CatDogYears/Info.plist;
				LD_RUNPATH_SEARCH_PATHS = "$(inherited) @executable_path/Frameworks";
				PRODUCT_BUNDLE_IDENTIFIER = com.quentinlathiere.CatDogYears;
				PRODUCT_NAME = "$(TARGET_NAME)";
			};
			name = Release;
		};
		6851061A1C88C98D00A329E5 /* Debug */ = {
			isa = XCBuildConfiguration;
			buildSettings = {
				BUNDLE_LOADER = "$(TEST_HOST)";
				INFOPLIST_FILE = CatDogYearsTests/Info.plist;
				LD_RUNPATH_SEARCH_PATHS = "$(inherited) @executable_path/Frameworks @loader_path/Frameworks";
				PRODUCT_BUNDLE_IDENTIFIER = com.quentinlathiere.CatDogYearsTests;
				PRODUCT_NAME = "$(TARGET_NAME)";
				TEST_HOST = "$(BUILT_PRODUCTS_DIR)/CatDogYears.app/CatDogYears";
			};
			name = Debug;
		};
		6851061B1C88C98D00A329E5 /* Release */ = {
			isa = XCBuildConfiguration;
			buildSettings = {
				BUNDLE_LOADER = "$(TEST_HOST)";
				INFOPLIST_FILE = CatDogYearsTests/Info.plist;
				LD_RUNPATH_SEARCH_PATHS = "$(inherited) @executable_path/Frameworks @loader_path/Frameworks";
				PRODUCT_BUNDLE_IDENTIFIER = com.quentinlathiere.CatDogYearsTests;
				PRODUCT_NAME = "$(TARGET_NAME)";
				TEST_HOST = "$(BUILT_PRODUCTS_DIR)/CatDogYears.app/CatDogYears";
			};
			name = Release;
		};
/* End XCBuildConfiguration section */

/* Begin XCConfigurationList section */
		685105E91C88C98D00A329E5 /* Build configuration list for PBXProject "CatDogYears" */ = {
			isa = XCConfigurationList;
			buildConfigurations = (
				685106141C88C98D00A329E5 /* Debug */,
				685106151C88C98D00A329E5 /* Release */,
			);
			defaultConfigurationIsVisible = 0;
			defaultConfigurationName = Release;
		};
		685106161C88C98D00A329E5 /* Build configuration list for PBXNativeTarget "CatDogYears" */ = {
			isa = XCConfigurationList;
			buildConfigurations = (
				685106171C88C98D00A329E5 /* Debug */,
				685106181C88C98D00A329E5 /* Release */,
			);
			defaultConfigurationIsVisible = 0;
			defaultConfigurationName = Release;
		};
		685106191C88C98D00A329E5 /* Build configuration list for PBXNativeTarget "CatDogYearsTests" */ = {
			isa = XCConfigurationList;
			buildConfigurations = (
				6851061A1C88C98D00A329E5 /* Debug */,
				6851061B1C88C98D00A329E5 /* Release */,
			);
			defaultConfigurationIsVisible = 0;
			defaultConfigurationName = Release;
		};
/* End XCConfigurationList section */
	};
	rootObject = 685105E61C88C98D00A329E5 /* Project object */;
}
